// !$*UTF8*$!
{
	archiveVersion = 1;
	classes = {
	};
	objectVersion = 55;
	objects = {

/* Begin PBXBuildFile section */
		603EFA14284F63A7000F0429 /* Downloader.swift in Sources */ = {isa = PBXBuildFile; fileRef = 603EFA13284F63A7000F0429 /* Downloader.swift */; };
		60A5C9AF2823F49600506C24 /* RMSApp.swift in Sources */ = {isa = PBXBuildFile; fileRef = 60A5C9AE2823F49600506C24 /* RMSApp.swift */; };
		60A5C9B32823F49800506C24 /* Assets.xcassets in Resources */ = {isa = PBXBuildFile; fileRef = 60A5C9B22823F49800506C24 /* Assets.xcassets */; };
		60A5C9B62823F49800506C24 /* Preview Assets.xcassets in Resources */ = {isa = PBXBuildFile; fileRef = 60A5C9B52823F49800506C24 /* Preview Assets.xcassets */; };
		60EB4F1D2824E9CF005CEFB9 /* WebViewController.swift in Sources */ = {isa = PBXBuildFile; fileRef = 60EB4F1C2824E9CF005CEFB9 /* WebViewController.swift */; };
		60EB4F312824FC3B005CEFB9 /* WebView.swift in Sources */ = {isa = PBXBuildFile; fileRef = 60EB4F302824FC3B005CEFB9 /* WebView.swift */; };
/* End PBXBuildFile section */

/* Begin PBXFileReference section */
		603EFA13284F63A7000F0429 /* Downloader.swift */ = {isa = PBXFileReference; lastKnownFileType = sourcecode.swift; path = Downloader.swift; sourceTree = "<group>"; };
		60A5C9AB2823F49600506C24 /* RMS.app */ = {isa = PBXFileReference; explicitFileType = wrapper.application; includeInIndex = 0; path = RMS.app; sourceTree = BUILT_PRODUCTS_DIR; };
		60A5C9AE2823F49600506C24 /* RMSApp.swift */ = {isa = PBXFileReference; lastKnownFileType = sourcecode.swift; path = RMSApp.swift; sourceTree = "<group>"; };
		60A5C9B22823F49800506C24 /* Assets.xcassets */ = {isa = PBXFileReference; lastKnownFileType = folder.assetcatalog; path = Assets.xcassets; sourceTree = "<group>"; };
		60A5C9B52823F49800506C24 /* Preview Assets.xcassets */ = {isa = PBXFileReference; lastKnownFileType = folder.assetcatalog; path = "Preview Assets.xcassets"; sourceTree = "<group>"; };
		60EB4F1C2824E9CF005CEFB9 /* WebViewController.swift */ = {isa = PBXFileReference; lastKnownFileType = sourcecode.swift; path = WebViewController.swift; sourceTree = "<group>"; };
		60EB4F302824FC3B005CEFB9 /* WebView.swift */ = {isa = PBXFileReference; fileEncoding = 4; lastKnownFileType = sourcecode.swift; path = WebView.swift; sourceTree = "<group>"; };
/* End PBXFileReference section */

/* Begin PBXFrameworksBuildPhase section */
		60A5C9A82823F49600506C24 /* Frameworks */ = {
			isa = PBXFrameworksBuildPhase;
			buildActionMask = 2147483647;
			files = (
			);
			runOnlyForDeploymentPostprocessing = 0;
		};
/* End PBXFrameworksBuildPhase section */

/* Begin PBXGroup section */
		603EFA12284F6390000F0429 /* Utils */ = {
			isa = PBXGroup;
			children = (
				603EFA13284F63A7000F0429 /* Downloader.swift */,
			);
			path = Utils;
			sourceTree = "<group>";
		};
		60A5C9A22823F49600506C24 = {
			isa = PBXGroup;
			children = (
				60A5C9AD2823F49600506C24 /* RMS */,
				60A5C9AC2823F49600506C24 /* Products */,
			);
			sourceTree = "<group>";
		};
		60A5C9AC2823F49600506C24 /* Products */ = {
			isa = PBXGroup;
			children = (
				60A5C9AB2823F49600506C24 /* RMS.app */,
			);
			name = Products;
			sourceTree = "<group>";
		};
		60A5C9AD2823F49600506C24 /* RMS */ = {
			isa = PBXGroup;
			children = (
				603EFA12284F6390000F0429 /* Utils */,
				60EB4F1E2824EA23005CEFB9 /* View */,
				60EB4F1B2824E9B1005CEFB9 /* Controller */,
				60A5C9AE2823F49600506C24 /* RMSApp.swift */,
				60A5C9B22823F49800506C24 /* Assets.xcassets */,
				60A5C9B42823F49800506C24 /* Preview Content */,
			);
			path = RMS;
			sourceTree = "<group>";
		};
		60A5C9B42823F49800506C24 /* Preview Content */ = {
			isa = PBXGroup;
			children = (
				60A5C9B52823F49800506C24 /* Preview Assets.xcassets */,
			);
			path = "Preview Content";
			sourceTree = "<group>";
		};
		60EB4F1B2824E9B1005CEFB9 /* Controller */ = {
			isa = PBXGroup;
			children = (
				60EB4F1C2824E9CF005CEFB9 /* WebViewController.swift */,
			);
			path = Controller;
			sourceTree = "<group>";
		};
		60EB4F1E2824EA23005CEFB9 /* View */ = {
			isa = PBXGroup;
			children = (
				60EB4F302824FC3B005CEFB9 /* WebView.swift */,
			);
			path = View;
			sourceTree = "<group>";
		};
/* End PBXGroup section */

/* Begin PBXNativeTarget section */
		60A5C9AA2823F49600506C24 /* RMS */ = {
			isa = PBXNativeTarget;
			buildConfigurationList = 60A5C9B92823F49800506C24 /* Build configuration list for PBXNativeTarget "RMS" */;
			buildPhases = (
				60A5C9A72823F49600506C24 /* Sources */,
				60A5C9A82823F49600506C24 /* Frameworks */,
				60A5C9A92823F49600506C24 /* Resources */,
			);
			buildRules = (
			);
			dependencies = (
			);
			name = RMS;
			productName = RMS;
			productReference = 60A5C9AB2823F49600506C24 /* RMS.app */;
			productType = "com.apple.product-type.application";
		};
/* End PBXNativeTarget section */

/* Begin PBXProject section */
		60A5C9A32823F49600506C24 /* Project object */ = {
			isa = PBXProject;
			attributes = {
				BuildIndependentTargetsInParallel = 1;
				LastSwiftUpdateCheck = 1330;
				LastUpgradeCheck = 1330;
				TargetAttributes = {
					60A5C9AA2823F49600506C24 = {
						CreatedOnToolsVersion = 13.3.1;
					};
				};
			};
			buildConfigurationList = 60A5C9A62823F49600506C24 /* Build configuration list for PBXProject "RMS" */;
			compatibilityVersion = "Xcode 13.0";
			developmentRegion = en;
			hasScannedForEncodings = 0;
			knownRegions = (
				en,
				Base,
			);
			mainGroup = 60A5C9A22823F49600506C24;
			productRefGroup = 60A5C9AC2823F49600506C24 /* Products */;
			projectDirPath = "";
			projectRoot = "";
			targets = (
				60A5C9AA2823F49600506C24 /* RMS */,
			);
		};
/* End PBXProject section */

/* Begin PBXResourcesBuildPhase section */
		60A5C9A92823F49600506C24 /* Resources */ = {
			isa = PBXResourcesBuildPhase;
			buildActionMask = 2147483647;
			files = (
				60A5C9B62823F49800506C24 /* Preview Assets.xcassets in Resources */,
				60A5C9B32823F49800506C24 /* Assets.xcassets in Resources */,
			);
			runOnlyForDeploymentPostprocessing = 0;
		};
/* End PBXResourcesBuildPhase section */

/* Begin PBXSourcesBuildPhase section */
		60A5C9A72823F49600506C24 /* Sources */ = {
			isa = PBXSourcesBuildPhase;
			buildActionMask = 2147483647;
			files = (
				60EB4F312824FC3B005CEFB9 /* WebView.swift in Sources */,
				60EB4F1D2824E9CF005CEFB9 /* WebViewController.swift in Sources */,
				603EFA14284F63A7000F0429 /* Downloader.swift in Sources */,
				60A5C9AF2823F49600506C24 /* RMSApp.swift in Sources */,
			);
			runOnlyForDeploymentPostprocessing = 0;
		};
/* End PBXSourcesBuildPhase section */

/* Begin XCBuildConfiguration section */
		60A5C9B72823F49800506C24 /* Debug */ = {
			isa = XCBuildConfiguration;
			buildSettings = {
				ALWAYS_SEARCH_USER_PATHS = NO;
				CLANG_ANALYZER_NONNULL = YES;
				CLANG_ANALYZER_NUMBER_OBJECT_CONVERSION = YES_AGGRESSIVE;
				CLANG_CXX_LANGUAGE_STANDARD = "gnu++17";
				CLANG_ENABLE_MODULES = YES;
				CLANG_ENABLE_OBJC_ARC = YES;
				CLANG_ENABLE_OBJC_WEAK = YES;
				CLANG_WARN_BLOCK_CAPTURE_AUTORELEASING = YES;
				CLANG_WARN_BOOL_CONVERSION = YES;
				CLANG_WARN_COMMA = YES;
				CLANG_WARN_CONSTANT_CONVERSION = YES;
				CLANG_WARN_DEPRECATED_OBJC_IMPLEMENTATIONS = YES;
				CLANG_WARN_DIRECT_OBJC_ISA_USAGE = YES_ERROR;
				CLANG_WARN_DOCUMENTATION_COMMENTS = YES;
				CLANG_WARN_EMPTY_BODY = YES;
				CLANG_WARN_ENUM_CONVERSION = YES;
				CLANG_WARN_INFINITE_RECURSION = YES;
				CLANG_WARN_INT_CONVERSION = YES;
				CLANG_WARN_NON_LITERAL_NULL_CONVERSION = YES;
				CLANG_WARN_OBJC_IMPLICIT_RETAIN_SELF = YES;
				CLANG_WARN_OBJC_LITERAL_CONVERSION = YES;
				CLANG_WARN_OBJC_ROOT_CLASS = YES_ERROR;
				CLANG_WARN_QUOTED_INCLUDE_IN_FRAMEWORK_HEADER = YES;
				CLANG_WARN_RANGE_LOOP_ANALYSIS = YES;
				CLANG_WARN_STRICT_PROTOTYPES = YES;
				CLANG_WARN_SUSPICIOUS_MOVE = YES;
				CLANG_WARN_UNGUARDED_AVAILABILITY = YES_AGGRESSIVE;
				CLANG_WARN_UNREACHABLE_CODE = YES;
				CLANG_WARN__DUPLICATE_METHOD_MATCH = YES;
				COPY_PHASE_STRIP = NO;
				DEBUG_INFORMATION_FORMAT = dwarf;
				ENABLE_STRICT_OBJC_MSGSEND = YES;
				ENABLE_TESTABILITY = YES;
				GCC_C_LANGUAGE_STANDARD = gnu11;
				GCC_DYNAMIC_NO_PIC = NO;
				GCC_NO_COMMON_BLOCKS = YES;
				GCC_OPTIMIZATION_LEVEL = 0;
				GCC_PREPROCESSOR_DEFINITIONS = (
					"DEBUG=1",
					"$(inherited)",
				);
				GCC_WARN_64_TO_32_BIT_CONVERSION = YES;
				GCC_WARN_ABOUT_RETURN_TYPE = YES_ERROR;
				GCC_WARN_UNDECLARED_SELECTOR = YES;
				GCC_WARN_UNINITIALIZED_AUTOS = YES_AGGRESSIVE;
				GCC_WARN_UNUSED_FUNCTION = YES;
				GCC_WARN_UNUSED_VARIABLE = YES;
				IPHONEOS_DEPLOYMENT_TARGET = 15.4;
				MTL_ENABLE_DEBUG_INFO = INCLUDE_SOURCE;
				MTL_FAST_MATH = YES;
				ONLY_ACTIVE_ARCH = YES;
				SDKROOT = iphoneos;
				SWIFT_ACTIVE_COMPILATION_CONDITIONS = DEBUG;
				SWIFT_OPTIMIZATION_LEVEL = "-Onone";
			};
			name = Debug;
		};
		60A5C9B82823F49800506C24 /* Release */ = {
			isa = XCBuildConfiguration;
			buildSettings = {
				ALWAYS_SEARCH_USER_PATHS = NO;
				CLANG_ANALYZER_NONNULL = YES;
				CLANG_ANALYZER_NUMBER_OBJECT_CONVERSION = YES_AGGRESSIVE;
				CLANG_CXX_LANGUAGE_STANDARD = "gnu++17";
				CLANG_ENABLE_MODULES = YES;
				CLANG_ENABLE_OBJC_ARC = YES;
				CLANG_ENABLE_OBJC_WEAK = YES;
				CLANG_WARN_BLOCK_CAPTURE_AUTORELEASING = YES;
				CLANG_WARN_BOOL_CONVERSION = YES;
				CLANG_WARN_COMMA = YES;
				CLANG_WARN_CONSTANT_CONVERSION = YES;
				CLANG_WARN_DEPRECATED_OBJC_IMPLEMENTATIONS = YES;
				CLANG_WARN_DIRECT_OBJC_ISA_USAGE = YES_ERROR;
				CLANG_WARN_DOCUMENTATION_COMMENTS = YES;
				CLANG_WARN_EMPTY_BODY = YES;
				CLANG_WARN_ENUM_CONVERSION = YES;
				CLANG_WARN_INFINITE_RECURSION = YES;
				CLANG_WARN_INT_CONVERSION = YES;
				CLANG_WARN_NON_LITERAL_NULL_CONVERSION = YES;
				CLANG_WARN_OBJC_IMPLICIT_RETAIN_SELF = YES;
				CLANG_WARN_OBJC_LITERAL_CONVERSION = YES;
				CLANG_WARN_OBJC_ROOT_CLASS = YES_ERROR;
				CLANG_WARN_QUOTED_INCLUDE_IN_FRAMEWORK_HEADER = YES;
				CLANG_WARN_RANGE_LOOP_ANALYSIS = YES;
				CLANG_WARN_STRICT_PROTOTYPES = YES;
				CLANG_WARN_SUSPICIOUS_MOVE = YES;
				CLANG_WARN_UNGUARDED_AVAILABILITY = YES_AGGRESSIVE;
				CLANG_WARN_UNREACHABLE_CODE = YES;
				CLANG_WARN__DUPLICATE_METHOD_MATCH = YES;
				COPY_PHASE_STRIP = NO;
				DEBUG_INFORMATION_FORMAT = "dwarf-with-dsym";
				ENABLE_NS_ASSERTIONS = NO;
				ENABLE_STRICT_OBJC_MSGSEND = YES;
				GCC_C_LANGUAGE_STANDARD = gnu11;
				GCC_NO_COMMON_BLOCKS = YES;
				GCC_WARN_64_TO_32_BIT_CONVERSION = YES;
				GCC_WARN_ABOUT_RETURN_TYPE = YES_ERROR;
				GCC_WARN_UNDECLARED_SELECTOR = YES;
				GCC_WARN_UNINITIALIZED_AUTOS = YES_AGGRESSIVE;
				GCC_WARN_UNUSED_FUNCTION = YES;
				GCC_WARN_UNUSED_VARIABLE = YES;
				IPHONEOS_DEPLOYMENT_TARGET = 15.4;
				MTL_ENABLE_DEBUG_INFO = NO;
				MTL_FAST_MATH = YES;
				SDKROOT = iphoneos;
				SWIFT_COMPILATION_MODE = wholemodule;
				SWIFT_OPTIMIZATION_LEVEL = "-O";
				VALIDATE_PRODUCT = YES;
			};
			name = Release;
		};
		60A5C9BA2823F49800506C24 /* Debug */ = {
			isa = XCBuildConfiguration;
			buildSettings = {
				ASSETCATALOG_COMPILER_APPICON_NAME = AppIcon;
				ASSETCATALOG_COMPILER_GLOBAL_ACCENT_COLOR_NAME = AccentColor;
				CODE_SIGN_STYLE = Automatic;
				CURRENT_PROJECT_VERSION = 1;
				DEVELOPMENT_ASSET_PATHS = "\"RMS/Preview Content\"";
				DEVELOPMENT_TEAM = 2UC8G35BQ7;
				ENABLE_PREVIEWS = YES;
				GENERATE_INFOPLIST_FILE = YES;
				INFOPLIST_KEY_NSCameraUsageDescription = "Axon Records requires Camera access to capture evidences and scan documents.";
				INFOPLIST_KEY_NSMicrophoneUsageDescription = "Axon Records requires Microphone access to record evidences and transcribe reports.";
				INFOPLIST_KEY_UIApplicationSceneManifest_Generation = YES;
				INFOPLIST_KEY_UIApplicationSupportsIndirectInputEvents = YES;
				INFOPLIST_KEY_UILaunchScreen_Generation = YES;
				INFOPLIST_KEY_UISupportedInterfaceOrientations_iPad = "UIInterfaceOrientationPortrait UIInterfaceOrientationPortraitUpsideDown UIInterfaceOrientationLandscapeLeft UIInterfaceOrientationLandscapeRight";
				INFOPLIST_KEY_UISupportedInterfaceOrientations_iPhone = "UIInterfaceOrientationPortrait UIInterfaceOrientationLandscapeLeft UIInterfaceOrientationLandscapeRight";
				LD_RUNPATH_SEARCH_PATHS = (
					"$(inherited)",
					"@executable_path/Frameworks",
				);
				MARKETING_VERSION = 1.0;
				PRODUCT_BUNDLE_IDENTIFIER = com.axon.records;
				PRODUCT_NAME = "$(TARGET_NAME)";
				SWIFT_EMIT_LOC_STRINGS = YES;
				SWIFT_VERSION = 5.0;
				TARGETED_DEVICE_FAMILY = "1,2";
			};
			name = Debug;
		};
		60A5C9BB2823F49800506C24 /* Release */ = {
			isa = XCBuildConfiguration;
			buildSettings = {
				ASSETCATALOG_COMPILER_APPICON_NAME = AppIcon;
				ASSETCATALOG_COMPILER_GLOBAL_ACCENT_COLOR_NAME = AccentColor;
				CODE_SIGN_STYLE = Automatic;
				CURRENT_PROJECT_VERSION = 1;
				DEVELOPMENT_ASSET_PATHS = "\"RMS/Preview Content\"";
				DEVELOPMENT_TEAM = 2UC8G35BQ7;
				ENABLE_PREVIEWS = YES;
				GENERATE_INFOPLIST_FILE = YES;
				INFOPLIST_KEY_NSCameraUsageDescription = "Axon Records requires Camera access to capture evidences and scan documents.";
				INFOPLIST_KEY_NSMicrophoneUsageDescription = "Axon Records requires Microphone access to record evidences and transcribe reports.";
				INFOPLIST_KEY_UIApplicationSceneManifest_Generation = YES;
				INFOPLIST_KEY_UIApplicationSupportsIndirectInputEvents = YES;
				INFOPLIST_KEY_UILaunchScreen_Generation = YES;
				INFOPLIST_KEY_UISupportedInterfaceOrientations_iPad = "UIInterfaceOrientationPortrait UIInterfaceOrientationPortraitUpsideDown UIInterfaceOrientationLandscapeLeft UIInterfaceOrientationLandscapeRight";
				INFOPLIST_KEY_UISupportedInterfaceOrientations_iPhone = "UIInterfaceOrientationPortrait UIInterfaceOrientationLandscapeLeft UIInterfaceOrientationLandscapeRight";
				LD_RUNPATH_SEARCH_PATHS = (
					"$(inherited)",
					"@executable_path/Frameworks",
				);
				MARKETING_VERSION = 1.0;
				PRODUCT_BUNDLE_IDENTIFIER = com.axon.records;
				PRODUCT_NAME = "$(TARGET_NAME)";
				SWIFT_EMIT_LOC_STRINGS = YES;
				SWIFT_VERSION = 5.0;
				TARGETED_DEVICE_FAMILY = "1,2";
			};
			name = Release;
		};
/* End XCBuildConfiguration section */

/* Begin XCConfigurationList section */
		60A5C9A62823F49600506C24 /* Build configuration list for PBXProject "RMS" */ = {
			isa = XCConfigurationList;
			buildConfigurations = (
				60A5C9B72823F49800506C24 /* Debug */,
				60A5C9B82823F49800506C24 /* Release */,
			);
			defaultConfigurationIsVisible = 0;
			defaultConfigurationName = Release;
		};
		60A5C9B92823F49800506C24 /* Build configuration list for PBXNativeTarget "RMS" */ = {
			isa = XCConfigurationList;
			buildConfigurations = (
				60A5C9BA2823F49800506C24 /* Debug */,
				60A5C9BB2823F49800506C24 /* Release */,
			);
			defaultConfigurationIsVisible = 0;
			defaultConfigurationName = Release;
		};
/* End XCConfigurationList section */
	};
	rootObject = 60A5C9A32823F49600506C24 /* Project object */;
}
